
Microsoft Visual Studio Solution File, Format Version 12.00
# Visual Studio Version 17
VisualStudioVersion = 17.9.34622.214
MinimumVisualStudioVersion = 10.0.40219.1
Project("{FAE04EC0-301F-11D3-BF4B-00C04F79EFBC}") = "seans.pl", "seans.pl.csproj", "{DF3B03EE-C65B-4569-97F4-57042B3149EF}"
EndProject
Global
	GlobalSection(SolutionConfigurationPlatforms) = preSolution
		Debug|Any CPU = Debug|Any CPU
		Release|Any CPU = Release|Any CPU
	EndGlobalSection
	GlobalSection(ProjectConfigurationPlatforms) = postSolution
		{DF3B03EE-C65B-4569-97F4-57042B3149EF}.Debug|Any CPU.ActiveCfg = Debug|Any CPU
		{DF3B03EE-C65B-4569-97F4-57042B3149EF}.Debug|Any CPU.Build.0 = Debug|Any CPU
		{DF3B03EE-C65B-4569-97F4-57042B3149EF}.Release|Any CPU.ActiveCfg = Release|Any CPU
		{DF3B03EE-C65B-4569-97F4-57042B3149EF}.Release|Any CPU.Build.0 = Release|Any CPU
	EndGlobalSection
	GlobalSection(SolutionProperties) = preSolution
		HideSolutionNode = FALSE
	EndGlobalSection
	GlobalSection(ExtensibilityGlobals) = postSolution
		SolutionGuid = {AC2E9180-B8AB-4A7C-9E5B-4FDBB8536DA3}
	EndGlobalSection
EndGlobal
